
Microsoft Visual Studio Solution File, Format Version 12.00
# Visual Studio Version 17
VisualStudioVersion = 17.1.32328.378
MinimumVisualStudioVersion = 10.0.40219.1
Project("{8BC9CEB8-8B4A-11D0-8D11-00A0C91BC942}") = "libmobi", "libmobi.vcxproj", "{A48F597C-ADBC-499E-B282-0F8A2B1A4B5F}"
EndProject
Project("{8BC9CEB8-8B4A-11D0-8D11-00A0C91BC942}") = "mobidrm", "mobidrm\mobidrm.vcxproj", "{288A84A9-2AFD-4995-A397-E4554C8087AE}"
EndProject
Project("{8BC9CEB8-8B4A-11D0-8D11-00A0C91BC942}") = "mobitool", "mobitool\mobitool.vcxproj", "{D8E9C708-FBD0-400C-B5B6-F8555FDE8767}"
EndProject
Project("{8BC9CEB8-8B4A-11D0-8D11-00A0C91BC942}") = "mobimeta", "mobimeta\mobimeta.vcxproj", "{2790D05E-6891-48E5-8450-F8D030763AD6}"
EndProject
Project("{8BC9CEB8-8B4A-11D0-8D11-00A0C91BC942}") = "mobiconvert", "..\mobiconvert\mobiconvert.vcxproj", "{CC7052F6-0E6B-42DE-BBD2-11B440307DDD}"
EndProject
Project("{8BC9CEB8-8B4A-11D0-8D11-00A0C91BC942}") = "mobiconverttest", "..\mobiconverttest\mobiconverttest.vcxproj", "{7E7E2493-3714-4AE1-AD31-D4A2DF823DF8}"
EndProject
Project("{FAE04EC0-301F-11D3-BF4B-00C04F79EFBC}") = "mobiconvertnettest", "..\mobiconvertnettest\mobiconvertnettest.csproj", "{2C34235A-BD1A-499C-A1D1-57529A493272}"
EndProject
Global
	GlobalSection(SolutionConfigurationPlatforms) = preSolution
		Debug|Any CPU = Debug|Any CPU
		Debug|x64 = Debug|x64
		Debug|x86 = Debug|x86
		NoDependenciesDebug|Any CPU = NoDependenciesDebug|Any CPU
		NoDependenciesDebug|x64 = NoDependenciesDebug|x64
		NoDependenciesDebug|x86 = NoDependenciesDebug|x86
		NoDependenciesRelease|Any CPU = NoDependenciesRelease|Any CPU
		NoDependenciesRelease|x64 = NoDependenciesRelease|x64
		NoDependenciesRelease|x86 = NoDependenciesRelease|x86
		Release|Any CPU = Release|Any CPU
		Release|x64 = Release|x64
		Release|x86 = Release|x86
	EndGlobalSection
	GlobalSection(ProjectConfigurationPlatforms) = postSolution
		{A48F597C-ADBC-499E-B282-0F8A2B1A4B5F}.Debug|Any CPU.ActiveCfg = Debug|x64
		{A48F597C-ADBC-499E-B282-0F8A2B1A4B5F}.Debug|Any CPU.Build.0 = Debug|x64
		{A48F597C-ADBC-499E-B282-0F8A2B1A4B5F}.Debug|x64.ActiveCfg = Debug|x64
		{A48F597C-ADBC-499E-B282-0F8A2B1A4B5F}.Debug|x64.Build.0 = Debug|x64
		{A48F597C-ADBC-499E-B282-0F8A2B1A4B5F}.Debug|x86.ActiveCfg = Debug|Win32
		{A48F597C-ADBC-499E-B282-0F8A2B1A4B5F}.Debug|x86.Build.0 = Debug|Win32
		{A48F597C-ADBC-499E-B282-0F8A2B1A4B5F}.NoDependenciesDebug|Any CPU.ActiveCfg = NoDependenciesDebug|x64
		{A48F597C-ADBC-499E-B282-0F8A2B1A4B5F}.NoDependenciesDebug|Any CPU.Build.0 = NoDependenciesDebug|x64
		{A48F597C-ADBC-499E-B282-0F8A2B1A4B5F}.NoDependenciesDebug|x64.ActiveCfg = NoDependenciesDebug|x64
		{A48F597C-ADBC-499E-B282-0F8A2B1A4B5F}.NoDependenciesDebug|x64.Build.0 = NoDependenciesDebug|x64
		{A48F597C-ADBC-499E-B282-0F8A2B1A4B5F}.NoDependenciesDebug|x86.ActiveCfg = NoDependenciesDebug|Win32
		{A48F597C-ADBC-499E-B282-0F8A2B1A4B5F}.NoDependenciesDebug|x86.Build.0 = NoDependenciesDebug|Win32
		{A48F597C-ADBC-499E-B282-0F8A2B1A4B5F}.NoDependenciesRelease|Any CPU.ActiveCfg = NoDependenciesRelease|x64
		{A48F597C-ADBC-499E-B282-0F8A2B1A4B5F}.NoDependenciesRelease|Any CPU.Build.0 = NoDependenciesRelease|x64
		{A48F597C-ADBC-499E-B282-0F8A2B1A4B5F}.NoDependenciesRelease|x64.ActiveCfg = NoDependenciesRelease|x64
		{A48F597C-ADBC-499E-B282-0F8A2B1A4B5F}.NoDependenciesRelease|x64.Build.0 = NoDependenciesRelease|x64
		{A48F597C-ADBC-499E-B282-0F8A2B1A4B5F}.NoDependenciesRelease|x86.ActiveCfg = NoDependenciesRelease|Win32
		{A48F597C-ADBC-499E-B282-0F8A2B1A4B5F}.NoDependenciesRelease|x86.Build.0 = NoDependenciesRelease|Win32
		{A48F597C-ADBC-499E-B282-0F8A2B1A4B5F}.Release|Any CPU.ActiveCfg = Release|x64
		{A48F597C-ADBC-499E-B282-0F8A2B1A4B5F}.Release|Any CPU.Build.0 = Release|x64
		{A48F597C-ADBC-499E-B282-0F8A2B1A4B5F}.Release|x64.ActiveCfg = Release|x64
		{A48F597C-ADBC-499E-B282-0F8A2B1A4B5F}.Release|x64.Build.0 = Release|x64
		{A48F597C-ADBC-499E-B282-0F8A2B1A4B5F}.Release|x86.ActiveCfg = Release|Win32
		{A48F597C-ADBC-499E-B282-0F8A2B1A4B5F}.Release|x86.Build.0 = Release|Win32
		{288A84A9-2AFD-4995-A397-E4554C8087AE}.Debug|Any CPU.ActiveCfg = Debug|x64
		{288A84A9-2AFD-4995-A397-E4554C8087AE}.Debug|Any CPU.Build.0 = Debug|x64
		{288A84A9-2AFD-4995-A397-E4554C8087AE}.Debug|x64.ActiveCfg = Debug|x64
		{288A84A9-2AFD-4995-A397-E4554C8087AE}.Debug|x64.Build.0 = Debug|x64
		{288A84A9-2AFD-4995-A397-E4554C8087AE}.Debug|x86.ActiveCfg = Debug|Win32
		{288A84A9-2AFD-4995-A397-E4554C8087AE}.Debug|x86.Build.0 = Debug|Win32
		{288A84A9-2AFD-4995-A397-E4554C8087AE}.NoDependenciesDebug|Any CPU.ActiveCfg = Debug|x64
		{288A84A9-2AFD-4995-A397-E4554C8087AE}.NoDependenciesDebug|Any CPU.Build.0 = Debug|x64
		{288A84A9-2AFD-4995-A397-E4554C8087AE}.NoDependenciesDebug|x64.ActiveCfg = Debug|x64
		{288A84A9-2AFD-4995-A397-E4554C8087AE}.NoDependenciesDebug|x64.Build.0 = Debug|x64
		{288A84A9-2AFD-4995-A397-E4554C8087AE}.NoDependenciesDebug|x86.ActiveCfg = Debug|Win32
		{288A84A9-2AFD-4995-A397-E4554C8087AE}.NoDependenciesDebug|x86.Build.0 = Debug|Win32
		{288A84A9-2AFD-4995-A397-E4554C8087AE}.NoDependenciesRelease|Any CPU.ActiveCfg = Release|x64
		{288A84A9-2AFD-4995-A397-E4554C8087AE}.NoDependenciesRelease|Any CPU.Build.0 = Release|x64
		{288A84A9-2AFD-4995-A397-E4554C8087AE}.NoDependenciesRelease|x64.ActiveCfg = Release|x64
		{288A84A9-2AFD-4995-A397-E4554C8087AE}.NoDependenciesRelease|x64.Build.0 = Release|x64
		{288A84A9-2AFD-4995-A397-E4554C8087AE}.NoDependenciesRelease|x86.ActiveCfg = Release|Win32
		{288A84A9-2AFD-4995-A397-E4554C8087AE}.NoDependenciesRelease|x86.Build.0 = Release|Win32
		{288A84A9-2AFD-4995-A397-E4554C8087AE}.Release|Any CPU.ActiveCfg = Release|x64
		{288A84A9-2AFD-4995-A397-E4554C8087AE}.Release|Any CPU.Build.0 = Release|x64
		{288A84A9-2AFD-4995-A397-E4554C8087AE}.Release|x64.ActiveCfg = Release|x64
		{288A84A9-2AFD-4995-A397-E4554C8087AE}.Release|x64.Build.0 = Release|x64
		{288A84A9-2AFD-4995-A397-E4554C8087AE}.Release|x86.ActiveCfg = Release|Win32
		{288A84A9-2AFD-4995-A397-E4554C8087AE}.Release|x86.Build.0 = Release|Win32
		{D8E9C708-FBD0-400C-B5B6-F8555FDE8767}.Debug|Any CPU.ActiveCfg = Debug|x64
		{D8E9C708-FBD0-400C-B5B6-F8555FDE8767}.Debug|Any CPU.Build.0 = Debug|x64
		{D8E9C708-FBD0-400C-B5B6-F8555FDE8767}.Debug|x64.ActiveCfg = Debug|x64
		{D8E9C708-FBD0-400C-B5B6-F8555FDE8767}.Debug|x64.Build.0 = Debug|x64
		{D8E9C708-FBD0-400C-B5B6-F8555FDE8767}.Debug|x86.ActiveCfg = Debug|Win32
		{D8E9C708-FBD0-400C-B5B6-F8555FDE8767}.Debug|x86.Build.0 = Debug|Win32
		{D8E9C708-FBD0-400C-B5B6-F8555FDE8767}.NoDependenciesDebug|Any CPU.ActiveCfg = Debug|x64
		{D8E9C708-FBD0-400C-B5B6-F8555FDE8767}.NoDependenciesDebug|Any CPU.Build.0 = Debug|x64
		{D8E9C708-FBD0-400C-B5B6-F8555FDE8767}.NoDependenciesDebug|x64.ActiveCfg = Debug|x64
		{D8E9C708-FBD0-400C-B5B6-F8555FDE8767}.NoDependenciesDebug|x64.Build.0 = Debug|x64
		{D8E9C708-FBD0-400C-B5B6-F8555FDE8767}.NoDependenciesDebug|x86.ActiveCfg = Debug|Win32
		{D8E9C708-FBD0-400C-B5B6-F8555FDE8767}.NoDependenciesDebug|x86.Build.0 = Debug|Win32
		{D8E9C708-FBD0-400C-B5B6-F8555FDE8767}.NoDependenciesRelease|Any CPU.ActiveCfg = Release|x64
		{D8E9C708-FBD0-400C-B5B6-F8555FDE8767}.NoDependenciesRelease|Any CPU.Build.0 = Release|x64
		{D8E9C708-FBD0-400C-B5B6-F8555FDE8767}.NoDependenciesRelease|x64.ActiveCfg = Release|x64
		{D8E9C708-FBD0-400C-B5B6-F8555FDE8767}.NoDependenciesRelease|x64.Build.0 = Release|x64
		{D8E9C708-FBD0-400C-B5B6-F8555FDE8767}.NoDependenciesRelease|x86.ActiveCfg = Release|Win32
		{D8E9C708-FBD0-400C-B5B6-F8555FDE8767}.NoDependenciesRelease|x86.Build.0 = Release|Win32
		{D8E9C708-FBD0-400C-B5B6-F8555FDE8767}.Release|Any CPU.ActiveCfg = Release|x64
		{D8E9C708-FBD0-400C-B5B6-F8555FDE8767}.Release|Any CPU.Build.0 = Release|x64
		{D8E9C708-FBD0-400C-B5B6-F8555FDE8767}.Release|x64.ActiveCfg = Release|x64
		{D8E9C708-FBD0-400C-B5B6-F8555FDE8767}.Release|x64.Build.0 = Release|x64
		{D8E9C708-FBD0-400C-B5B6-F8555FDE8767}.Release|x86.ActiveCfg = Release|Win32
		{D8E9C708-FBD0-400C-B5B6-F8555FDE8767}.Release|x86.Build.0 = Release|Win32
		{2790D05E-6891-48E5-8450-F8D030763AD6}.Debug|Any CPU.ActiveCfg = Debug|x64
		{2790D05E-6891-48E5-8450-F8D030763AD6}.Debug|Any CPU.Build.0 = Debug|x64
		{2790D05E-6891-48E5-8450-F8D030763AD6}.Debug|x64.ActiveCfg = Debug|x64
		{2790D05E-6891-48E5-8450-F8D030763AD6}.Debug|x64.Build.0 = Debug|x64
		{2790D05E-6891-48E5-8450-F8D030763AD6}.Debug|x86.ActiveCfg = Debug|Win32
		{2790D05E-6891-48E5-8450-F8D030763AD6}.Debug|x86.Build.0 = Debug|Win32
		{2790D05E-6891-48E5-8450-F8D030763AD6}.NoDependenciesDebug|Any CPU.ActiveCfg = Debug|x64
		{2790D05E-6891-48E5-8450-F8D030763AD6}.NoDependenciesDebug|Any CPU.Build.0 = Debug|x64
		{2790D05E-6891-48E5-8450-F8D030763AD6}.NoDependenciesDebug|x64.ActiveCfg = Debug|x64
		{2790D05E-6891-48E5-8450-F8D030763AD6}.NoDependenciesDebug|x64.Build.0 = Debug|x64
		{2790D05E-6891-48E5-8450-F8D030763AD6}.NoDependenciesDebug|x86.ActiveCfg = Debug|Win32
		{2790D05E-6891-48E5-8450-F8D030763AD6}.NoDependenciesDebug|x86.Build.0 = Debug|Win32
		{2790D05E-6891-48E5-8450-F8D030763AD6}.NoDependenciesRelease|Any CPU.ActiveCfg = Release|x64
		{2790D05E-6891-48E5-8450-F8D030763AD6}.NoDependenciesRelease|Any CPU.Build.0 = Release|x64
		{2790D05E-6891-48E5-8450-F8D030763AD6}.NoDependenciesRelease|x64.ActiveCfg = Release|x64
		{2790D05E-6891-48E5-8450-F8D030763AD6}.NoDependenciesRelease|x64.Build.0 = Release|x64
		{2790D05E-6891-48E5-8450-F8D030763AD6}.NoDependenciesRelease|x86.ActiveCfg = Release|Win32
		{2790D05E-6891-48E5-8450-F8D030763AD6}.NoDependenciesRelease|x86.Build.0 = Release|Win32
		{2790D05E-6891-48E5-8450-F8D030763AD6}.Release|Any CPU.ActiveCfg = Release|x64
		{2790D05E-6891-48E5-8450-F8D030763AD6}.Release|Any CPU.Build.0 = Release|x64
		{2790D05E-6891-48E5-8450-F8D030763AD6}.Release|x64.ActiveCfg = Release|x64
		{2790D05E-6891-48E5-8450-F8D030763AD6}.Release|x64.Build.0 = Release|x64
		{2790D05E-6891-48E5-8450-F8D030763AD6}.Release|x86.ActiveCfg = Release|Win32
		{2790D05E-6891-48E5-8450-F8D030763AD6}.Release|x86.Build.0 = Release|Win32
		{CC7052F6-0E6B-42DE-BBD2-11B440307DDD}.Debug|Any CPU.ActiveCfg = Debug|x64
		{CC7052F6-0E6B-42DE-BBD2-11B440307DDD}.Debug|Any CPU.Build.0 = Debug|x64
		{CC7052F6-0E6B-42DE-BBD2-11B440307DDD}.Debug|x64.ActiveCfg = Debug|x64
		{CC7052F6-0E6B-42DE-BBD2-11B440307DDD}.Debug|x64.Build.0 = Debug|x64
		{CC7052F6-0E6B-42DE-BBD2-11B440307DDD}.Debug|x86.ActiveCfg = Debug|Win32
		{CC7052F6-0E6B-42DE-BBD2-11B440307DDD}.Debug|x86.Build.0 = Debug|Win32
		{CC7052F6-0E6B-42DE-BBD2-11B440307DDD}.NoDependenciesDebug|Any CPU.ActiveCfg = Debug|x64
		{CC7052F6-0E6B-42DE-BBD2-11B440307DDD}.NoDependenciesDebug|Any CPU.Build.0 = Debug|x64
		{CC7052F6-0E6B-42DE-BBD2-11B440307DDD}.NoDependenciesDebug|x64.ActiveCfg = Debug|x64
		{CC7052F6-0E6B-42DE-BBD2-11B440307DDD}.NoDependenciesDebug|x64.Build.0 = Debug|x64
		{CC7052F6-0E6B-42DE-BBD2-11B440307DDD}.NoDependenciesDebug|x86.ActiveCfg = Debug|Win32
		{CC7052F6-0E6B-42DE-BBD2-11B440307DDD}.NoDependenciesDebug|x86.Build.0 = Debug|Win32
		{CC7052F6-0E6B-42DE-BBD2-11B440307DDD}.NoDependenciesRelease|Any CPU.ActiveCfg = Release|x64
		{CC7052F6-0E6B-42DE-BBD2-11B440307DDD}.NoDependenciesRelease|Any CPU.Build.0 = Release|x64
		{CC7052F6-0E6B-42DE-BBD2-11B440307DDD}.NoDependenciesRelease|x64.ActiveCfg = Release|x64
		{CC7052F6-0E6B-42DE-BBD2-11B440307DDD}.NoDependenciesRelease|x64.Build.0 = Release|x64
		{CC7052F6-0E6B-42DE-BBD2-11B440307DDD}.NoDependenciesRelease|x86.ActiveCfg = Release|Win32
		{CC7052F6-0E6B-42DE-BBD2-11B440307DDD}.NoDependenciesRelease|x86.Build.0 = Release|Win32
		{CC7052F6-0E6B-42DE-BBD2-11B440307DDD}.Release|Any CPU.ActiveCfg = Release|x64
		{CC7052F6-0E6B-42DE-BBD2-11B440307DDD}.Release|Any CPU.Build.0 = Release|x64
		{CC7052F6-0E6B-42DE-BBD2-11B440307DDD}.Release|x64.ActiveCfg = Release|x64
		{CC7052F6-0E6B-42DE-BBD2-11B440307DDD}.Release|x64.Build.0 = Release|x64
		{CC7052F6-0E6B-42DE-BBD2-11B440307DDD}.Release|x86.ActiveCfg = Release|Win32
		{CC7052F6-0E6B-42DE-BBD2-11B440307DDD}.Release|x86.Build.0 = Release|Win32
		{7E7E2493-3714-4AE1-AD31-D4A2DF823DF8}.Debug|Any CPU.ActiveCfg = Debug|x64
		{7E7E2493-3714-4AE1-AD31-D4A2DF823DF8}.Debug|Any CPU.Build.0 = Debug|x64
		{7E7E2493-3714-4AE1-AD31-D4A2DF823DF8}.Debug|x64.ActiveCfg = Debug|x64
		{7E7E2493-3714-4AE1-AD31-D4A2DF823DF8}.Debug|x64.Build.0 = Debug|x64
		{7E7E2493-3714-4AE1-AD31-D4A2DF823DF8}.Debug|x86.ActiveCfg = Debug|Win32
		{7E7E2493-3714-4AE1-AD31-D4A2DF823DF8}.Debug|x86.Build.0 = Debug|Win32
		{7E7E2493-3714-4AE1-AD31-D4A2DF823DF8}.NoDependenciesDebug|Any CPU.ActiveCfg = Debug|x64
		{7E7E2493-3714-4AE1-AD31-D4A2DF823DF8}.NoDependenciesDebug|Any CPU.Build.0 = Debug|x64
		{7E7E2493-3714-4AE1-AD31-D4A2DF823DF8}.NoDependenciesDebug|x64.ActiveCfg = Debug|x64
		{7E7E2493-3714-4AE1-AD31-D4A2DF823DF8}.NoDependenciesDebug|x64.Build.0 = Debug|x64
		{7E7E2493-3714-4AE1-AD31-D4A2DF823DF8}.NoDependenciesDebug|x86.ActiveCfg = Debug|Win32
		{7E7E2493-3714-4AE1-AD31-D4A2DF823DF8}.NoDependenciesDebug|x86.Build.0 = Debug|Win32
		{7E7E2493-3714-4AE1-AD31-D4A2DF823DF8}.NoDependenciesRelease|Any CPU.ActiveCfg = Release|x64
		{7E7E2493-3714-4AE1-AD31-D4A2DF823DF8}.NoDependenciesRelease|Any CPU.Build.0 = Release|x64
		{7E7E2493-3714-4AE1-AD31-D4A2DF823DF8}.NoDependenciesRelease|x64.ActiveCfg = Release|x64
		{7E7E2493-3714-4AE1-AD31-D4A2DF823DF8}.NoDependenciesRelease|x64.Build.0 = Release|x64
		{7E7E2493-3714-4AE1-AD31-D4A2DF823DF8}.NoDependenciesRelease|x86.ActiveCfg = Release|Win32
		{7E7E2493-3714-4AE1-AD31-D4A2DF823DF8}.NoDependenciesRelease|x86.Build.0 = Release|Win32
		{7E7E2493-3714-4AE1-AD31-D4A2DF823DF8}.Release|Any CPU.ActiveCfg = Release|x64
		{7E7E2493-3714-4AE1-AD31-D4A2DF823DF8}.Release|Any CPU.Build.0 = Release|x64
		{7E7E2493-3714-4AE1-AD31-D4A2DF823DF8}.Release|x64.ActiveCfg = Release|x64
		{7E7E2493-3714-4AE1-AD31-D4A2DF823DF8}.Release|x64.Build.0 = Release|x64
		{7E7E2493-3714-4AE1-AD31-D4A2DF823DF8}.Release|x86.ActiveCfg = Release|Win32
		{7E7E2493-3714-4AE1-AD31-D4A2DF823DF8}.Release|x86.Build.0 = Release|Win32
		{2C34235A-BD1A-499C-A1D1-57529A493272}.Debug|Any CPU.ActiveCfg = Debug|Any CPU
		{2C34235A-BD1A-499C-A1D1-57529A493272}.Debug|Any CPU.Build.0 = Debug|Any CPU
		{2C34235A-BD1A-499C-A1D1-57529A493272}.Debug|x64.ActiveCfg = Debug|Any CPU
		{2C34235A-BD1A-499C-A1D1-57529A493272}.Debug|x64.Build.0 = Debug|Any CPU
		{2C34235A-BD1A-499C-A1D1-57529A493272}.Debug|x86.ActiveCfg = Debug|Any CPU
		{2C34235A-BD1A-499C-A1D1-57529A493272}.Debug|x86.Build.0 = Debug|Any CPU
		{2C34235A-BD1A-499C-A1D1-57529A493272}.NoDependenciesDebug|Any CPU.ActiveCfg = Debug|Any CPU
		{2C34235A-BD1A-499C-A1D1-57529A493272}.NoDependenciesDebug|Any CPU.Build.0 = Debug|Any CPU
		{2C34235A-BD1A-499C-A1D1-57529A493272}.NoDependenciesDebug|x64.ActiveCfg = Debug|Any CPU
		{2C34235A-BD1A-499C-A1D1-57529A493272}.NoDependenciesDebug|x64.Build.0 = Debug|Any CPU
		{2C34235A-BD1A-499C-A1D1-57529A493272}.NoDependenciesDebug|x86.ActiveCfg = Debug|Any CPU
		{2C34235A-BD1A-499C-A1D1-57529A493272}.NoDependenciesDebug|x86.Build.0 = Debug|Any CPU
		{2C34235A-BD1A-499C-A1D1-57529A493272}.NoDependenciesRelease|Any CPU.ActiveCfg = Release|Any CPU
		{2C34235A-BD1A-499C-A1D1-57529A493272}.NoDependenciesRelease|Any CPU.Build.0 = Release|Any CPU
		{2C34235A-BD1A-499C-A1D1-57529A493272}.NoDependenciesRelease|x64.ActiveCfg = Release|Any CPU
		{2C34235A-BD1A-499C-A1D1-57529A493272}.NoDependenciesRelease|x64.Build.0 = Release|Any CPU
		{2C34235A-BD1A-499C-A1D1-57529A493272}.NoDependenciesRelease|x86.ActiveCfg = Release|Any CPU
		{2C34235A-BD1A-499C-A1D1-57529A493272}.NoDependenciesRelease|x86.Build.0 = Release|Any CPU
		{2C34235A-BD1A-499C-A1D1-57529A493272}.Release|Any CPU.ActiveCfg = Release|Any CPU
		{2C34235A-BD1A-499C-A1D1-57529A493272}.Release|Any CPU.Build.0 = Release|Any CPU
		{2C34235A-BD1A-499C-A1D1-57529A493272}.Release|x64.ActiveCfg = Release|Any CPU
		{2C34235A-BD1A-499C-A1D1-57529A493272}.Release|x64.Build.0 = Release|Any CPU
		{2C34235A-BD1A-499C-A1D1-57529A493272}.Release|x86.ActiveCfg = Release|Any CPU
		{2C34235A-BD1A-499C-A1D1-57529A493272}.Release|x86.Build.0 = Release|Any CPU
	EndGlobalSection
	GlobalSection(SolutionProperties) = preSolution
		HideSolutionNode = FALSE
	EndGlobalSection
	GlobalSection(ExtensibilityGlobals) = postSolution
		SolutionGuid = {673B11AC-E877-465E-89D0-97CAA6C1B389}
	EndGlobalSection
EndGlobal
